
Microsoft Visual Studio Solution File, Format Version 12.00
# Visual Studio 15
VisualStudioVersion = 15.0.28307.136
MinimumVisualStudioVersion = 10.0.40219.1
Project("{FAE04EC0-301F-11D3-BF4B-00C04F79EFBC}") = "Senai.InLock.DataBaseFirst.Solution", "Senai.InLock.DataBaseFirst.Solution\Senai.InLock.DataBaseFirst.Solution.csproj", "{FB9AEE68-952C-41EE-B246-D80F9C57B188}"
EndProject
Global
	GlobalSection(SolutionConfigurationPlatforms) = preSolution
		Debug|Any CPU = Debug|Any CPU
		Release|Any CPU = Release|Any CPU
	EndGlobalSection
	GlobalSection(ProjectConfigurationPlatforms) = postSolution
		{FB9AEE68-952C-41EE-B246-D80F9C57B188}.Debug|Any CPU.ActiveCfg = Debug|Any CPU
		{FB9AEE68-952C-41EE-B246-D80F9C57B188}.Debug|Any CPU.Build.0 = Debug|Any CPU
		{FB9AEE68-952C-41EE-B246-D80F9C57B188}.Release|Any CPU.ActiveCfg = Release|Any CPU
		{FB9AEE68-952C-41EE-B246-D80F9C57B188}.Release|Any CPU.Build.0 = Release|Any CPU
	EndGlobalSection
	GlobalSection(SolutionProperties) = preSolution
		HideSolutionNode = FALSE
	EndGlobalSection
	GlobalSection(ExtensibilityGlobals) = postSolution
		SolutionGuid = {2CED5245-CA72-4A5B-96B5-EC4535AA40D1}
	EndGlobalSection
EndGlobal
